<Solution>
  <Project Path="SecretVault.Application/SecretVault.Application.csproj" />
  <Project Path="SecretVault.Domain/SecretVault.Domain.csproj" />
  <Project Path="SecretVault.Infrastructure/SecretVault.Infrastructure.csproj" />
  <Project Path="SecretVault.Tests/SecretVault.Tests.csproj" />
  <Project Path="SecretVault.API/SecretVault.API.csproj" />
</Solution>
