<Solution>
  <Folder Name="/Solution Items/">
    <File Path="docs/Architecture.png" />
    <File Path="README.md" />
  </Folder>
  <Project Path="SecretVault.API/SecretVault.API.csproj" />
  <Project Path="SecretVault.Application/SecretVault.Application.csproj" />
  <Project Path="SecretVault.Domain/SecretVault.Domain.csproj" />
  <Project Path="SecretVault.Infrastructure/SecretVault.Infrastructure.csproj" />
  <Project Path="SecretVault.Tests/SecretVault.Tests.csproj" />
</Solution>
